<?xml version="1.0" encoding="utf-8"?>
<Project ToolsVersion="4.0" xmlns="http://schemas.microsoft.com/developer/msbuild/2003">
  <ItemGroup>
    <Filter Include="Header Files">
      <UniqueIdentifier>{93995380-89BD-4b04-88EB-625FBE52EBFB}</UniqueIdentifier>
      <Extensions>h;hpp;hxx;hm;inl;inc;xsd</Extensions>
    </Filter>
    <Filter Include="Resource Files">
      <UniqueIdentifier>{67DA6AB6-F800-4c08-8B7A-83BB121AAD01}</UniqueIdentifier>
      <Extensions>rc;ico;cur;bmp;dlg;rc2;rct;bin;rgs;gif;jpg;jpeg;jpe;resx;tiff;tif;png;wav</Extensions>
    </Filter>
    <Filter Include="SnarlInterface">
      <UniqueIdentifier>{8c90d393-f3ed-4e7a-baee-dc17bc43f412}</UniqueIdentifier>
    </Filter>
    <Filter Include="Source Files">
      <UniqueIdentifier>{4FC737F1-C7A5-4376-A066-2A32D752A2FF}</UniqueIdentifier>
      <Extensions>cpp;c;cc;cxx;def;odl;idl;hpj;bat;asm;asmx</Extensions>
    </Filter>
    <Filter Include="SnarlInterface\V39">
      <UniqueIdentifier>{593663bf-540b-4e21-ab19-e0601c7025bb}</UniqueIdentifier>
    </Filter>
    <Filter Include="SnarlInterface\V41">
      <UniqueIdentifier>{06e66ff1-2d80-4eb0-b0b8-a8c618888a62}</UniqueIdentifier>
    </Filter>
    <Filter Include="SnarlInterface\V42">
      <UniqueIdentifier>{f29f2189-cd77-436d-89d2-8ccfcffba579}</UniqueIdentifier>
    </Filter>
  </ItemGroup>
  <ItemGroup>
    <ClCompile Include="stdafx.cpp">
      <Filter>Source Files</Filter>
    </ClCompile>
    <ClCompile Include="SnarlV39Test.cpp">
      <Filter>Source Files</Filter>
    </ClCompile>
    <ClCompile Include="..\..\..\Depricated\SnarlInterface_v39.cpp">
      <Filter>SnarlInterface\V39</Filter>
    </ClCompile>
    <ClCompile Include="SnarlTestHelper.cpp">
      <Filter>Source Files</Filter>
    </ClCompile>
    <ClCompile Include="Main.cpp">
      <Filter>Source Files</Filter>
    </ClCompile>
    <ClCompile Include="SnarlV41Test.cpp">
      <Filter>Source Files</Filter>
    </ClCompile>
    <ClCompile Include="..\..\..\SnarlInterface_v42\SnarlInterface.cpp">
      <Filter>SnarlInterface\V42</Filter>
    </ClCompile>
    <ClCompile Include="SnarlV42Test.cpp">
      <Filter>Source Files</Filter>
    </ClCompile>
    <ClCompile Include="..\..\..\SnarlInterface_v41\SnarlInterface.cpp">
      <Filter>SnarlInterface\V41</Filter>
    </ClCompile>
  </ItemGroup>
  <ItemGroup>
    <ClInclude Include="Resource.h">
      <Filter>Header Files</Filter>
    </ClInclude>
    <ClInclude Include="targetver.h">
      <Filter>Header Files</Filter>
    </ClInclude>
    <ClInclude Include="stdafx.h">
      <Filter>Header Files</Filter>
    </ClInclude>
    <ClInclude Include="SnarlV39Test.h">
      <Filter>Header Files</Filter>
    </ClInclude>
    <ClInclude Include="..\..\..\Depricated\SnarlInterface_v39.h">
      <Filter>SnarlInterface\V39</Filter>
    </ClInclude>
    <ClInclude Include="SnarlTestHelper.h">
      <Filter>Header Files</Filter>
    </ClInclude>
    <ClInclude Include="Main.h">
      <Filter>Header Files</Filter>
    </ClInclude>
    <ClInclude Include="SnarlV41Test.h">
      <Filter>Header Files</Filter>
    </ClInclude>
    <ClInclude Include="..\..\..\SnarlInterface_v42\SnarlInterface.h">
      <Filter>SnarlInterface\V42</Filter>
    </ClInclude>
    <ClInclude Include="SnarlV42Test.h">
      <Filter>Header Files</Filter>
    </ClInclude>
    <ClInclude Include="..\..\..\SnarlInterface_v41\SnarlInterface.h">
      <Filter>SnarlInterface\V41</Filter>
    </ClInclude>
  </ItemGroup>
  <ItemGroup>
    <None Include="icon.png">
      <Filter>Resource Files</Filter>
    </None>
    <None Include="icon1.ico">
      <Filter>Resource Files</Filter>
    </None>
    <None Include="small.ico">
      <Filter>Resource Files</Filter>
    </None>
    <None Include="SnarlTestCPP.ico">
      <Filter>Resource Files</Filter>
    </None>
  </ItemGroup>
  <ItemGroup>
    <ResourceCompile Include="SnarlTestCPP.rc">
      <Filter>Resource Files</Filter>
    </ResourceCompile>
  </ItemGroup>
</Project>