
Microsoft Visual Studio Solution File, Format Version 11.00
# Visual C# Express 2010
Project("{FAE04EC0-301F-11D3-BF4B-00C04F79EFBC}") = "PrawnOfThieves", "PrawnOfThieves\PrawnOfThieves.csproj", "{F6C3A7BE-2070-46C3-A73B-0863872D0FD8}"
EndProject
Global
	GlobalSection(SolutionConfigurationPlatforms) = preSolution
		Debug|Any CPU = Debug|Any CPU
		Debug|Mixed Platforms = Debug|Mixed Platforms
		Debug|x86 = Debug|x86
		Release|Any CPU = Release|Any CPU
		Release|Mixed Platforms = Release|Mixed Platforms
		Release|x86 = Release|x86
	EndGlobalSection
	GlobalSection(ProjectConfigurationPlatforms) = postSolution
		{F6C3A7BE-2070-46C3-A73B-0863872D0FD8}.Debug|Any CPU.ActiveCfg = Debug|x86
		{F6C3A7BE-2070-46C3-A73B-0863872D0FD8}.Debug|Mixed Platforms.ActiveCfg = Debug|x86
		{F6C3A7BE-2070-46C3-A73B-0863872D0FD8}.Debug|Mixed Platforms.Build.0 = Debug|x86
		{F6C3A7BE-2070-46C3-A73B-0863872D0FD8}.Debug|x86.ActiveCfg = Debug|x86
		{F6C3A7BE-2070-46C3-A73B-0863872D0FD8}.Debug|x86.Build.0 = Debug|x86
		{F6C3A7BE-2070-46C3-A73B-0863872D0FD8}.Release|Any CPU.ActiveCfg = Release|x86
		{F6C3A7BE-2070-46C3-A73B-0863872D0FD8}.Release|Mixed Platforms.ActiveCfg = Release|x86
		{F6C3A7BE-2070-46C3-A73B-0863872D0FD8}.Release|Mixed Platforms.Build.0 = Release|x86
		{F6C3A7BE-2070-46C3-A73B-0863872D0FD8}.Release|x86.ActiveCfg = Release|x86
		{F6C3A7BE-2070-46C3-A73B-0863872D0FD8}.Release|x86.Build.0 = Release|x86
	EndGlobalSection
	GlobalSection(SolutionProperties) = preSolution
		HideSolutionNode = FALSE
	EndGlobalSection
EndGlobal
